
Microsoft Visual Studio Solution File, Format Version 12.00
# Visual Studio Version 17
VisualStudioVersion = 17.8.34330.188
MinimumVisualStudioVersion = 10.0.40219.1
Project("{9A19103F-16F7-4668-BE54-9A1E7A4F7556}") = "BlazorMatchGame", "BlazorMatchGame.csproj", "{81C063DE-0FF8-4F9A-8188-6394FD6831A1}"
EndProject
Global
	GlobalSection(SolutionConfigurationPlatforms) = preSolution
		Debug|Any CPU = Debug|Any CPU
		Release|Any CPU = Release|Any CPU
	EndGlobalSection
	GlobalSection(ProjectConfigurationPlatforms) = postSolution
		{81C063DE-0FF8-4F9A-8188-6394FD6831A1}.Debug|Any CPU.ActiveCfg = Debug|Any CPU
		{81C063DE-0FF8-4F9A-8188-6394FD6831A1}.Debug|Any CPU.Build.0 = Debug|Any CPU
		{81C063DE-0FF8-4F9A-8188-6394FD6831A1}.Release|Any CPU.ActiveCfg = Release|Any CPU
		{81C063DE-0FF8-4F9A-8188-6394FD6831A1}.Release|Any CPU.Build.0 = Release|Any CPU
	EndGlobalSection
	GlobalSection(SolutionProperties) = preSolution
		HideSolutionNode = FALSE
	EndGlobalSection
	GlobalSection(ExtensibilityGlobals) = postSolution
		SolutionGuid = {46A80C2A-ECA5-47A8-B196-BE7A5D5017C7}
	EndGlobalSection
EndGlobal
